filippo.io/edwards25519 v1.1.0 h1:FNf4tywRC1HmFuKW5xopWpigGjJKiJSV0Cqo0cJWDaA=
filippo.io/edwards25519 v1.1.0/go.mod h1:BxyFTGdWcka3PhytdK4V28tE5sGfRvvvRV7EaN4VDT4=
github.com/common-nighthawk/go-figure v0.0.0-20210622060536-734e95fb86be h1:J5BL2kskAlV9ckgEsNQXscjIaLiOYiZ75d4e94E6dcQ=
github.com/common-nighthawk/go-figure v0.0.0-20210622060536-734e95fb86be/go.mod h1:mk5IQ+Y0ZeO87b858TlA645sVcEcbiX6YqP98kt+7+w=
github.com/go-sql-driver/mysql v1.8.1 h1:LedoTUt/eveggdHS9qUFC1EFSa8bU2+1pZjSRpvNJ1Y=
github.com/go-sql-driver/mysql v1.8.1/go.mod h1:wEBSXgmK//2ZFJyE+qWnIsVGmvmEKlqwuVSjsCm7DZg=
github.com/lmittmann/tint v1.0.5 h1:NQclAutOfYsqs2F1Lenue6OoWCajs5wJcP3DfWVpePw=
github.com/lmittmann/tint v1.0.5/go.mod h1:HIS3gSy7qNwGCj+5oRjAutErFBl4BzdQP6cJZ0NfMwE=
gitlab.com/vangdevops/mylibrary v0.0.0-20240915110510-9d6d4792c27b h1:EuIT+W2ykCxQVFfBQ0AdyWvX61futHpi66Pisxh0aBA=
gitlab.com/vangdevops/mylibrary v0.0.0-20240915110510-9d6d4792c27b/go.mod h1:Nm14woGGBUez7NAAiRUMNUZFZ1zn0fdUsxZTPnWmYEA=
gitlab.com/vangdevops/mylibrary v0.0.0-20240916185840-4efdf27178af h1:NreNm+ZaMY8bTsv0J8ZW9xrgssSjaB6whbkKarkUD3o=
gitlab.com/vangdevops/mylibrary v0.0.0-20240916185840-4efdf27178af/go.mod h1:OjeNAyWHok38U0Mz07eBV5iQkKoD/GbW06nxyMYnLuc=
gitlab.com/vangdevops/mylibrary v0.0.0-20240916191111-373d195743a8 h1:3DzI2iESv5SdtPu7qJ2ybsCl9ErULjHvvZnc+KEbvkE=
gitlab.com/vangdevops/mylibrary v0.0.0-20240916191111-373d195743a8/go.mod h1:OjeNAyWHok38U0Mz07eBV5iQkKoD/GbW06nxyMYnLuc=
gitlab.com/vangdevops/mylibrary v0.0.0-20240916192353-622715feea98 h1:QGbaM3QV5zM8FMELfOxanPQLiV1nWuLefU2+g17ABTw=
gitlab.com/vangdevops/mylibrary v0.0.0-20240916192353-622715feea98/go.mod h1:OjeNAyWHok38U0Mz07eBV5iQkKoD/GbW06nxyMYnLuc=
gitlab.com/vangdevops/mylibrary v0.0.0-20240916192714-b5bdc158ba48 h1:79O3BPuxm/siMZ1SxVxo5KgSPyPgQiAzgyzHTu3xMx0=
gitlab.com/vangdevops/mylibrary v0.0.0-20240916192714-b5bdc158ba48/go.mod h1:OjeNAyWHok38U0Mz07eBV5iQkKoD/GbW06nxyMYnLuc=
gitlab.com/vangdevops/mylibrary v0.0.0-20240916193245-30d28f26d20e h1:U2G2dTIfH6PYkljDMTdGRwrTFlLQuH6laMyWEbJWB1w=
gitlab.com/vangdevops/mylibrary v0.0.0-20240916193245-30d28f26d20e/go.mod h1:OjeNAyWHok38U0Mz07eBV5iQkKoD/GbW06nxyMYnLuc=
