filippo.io/edwards25519 v1.1.0 h1:FNf4tywRC1HmFuKW5xopWpigGjJKiJSV0Cqo0cJWDaA=
filippo.io/edwards25519 v1.1.0/go.mod h1:BxyFTGdWcka3PhytdK4V28tE5sGfRvvvRV7EaN4VDT4=
github.com/DATA-DOG/go-sqlmock v1.5.2 h1:OcvFkGmslmlZibjAjaHm3L//6LiuBgolP7OputlJIzU=
github.com/DATA-DOG/go-sqlmock v1.5.2/go.mod h1:88MAG/4G7SMwSE3CeA0ZKzrT5CiOU3OJ+JlNzwDqpNU=
github.com/common-nighthawk/go-figure v0.0.0-20210622060536-734e95fb86be h1:J5BL2kskAlV9ckgEsNQXscjIaLiOYiZ75d4e94E6dcQ=
github.com/common-nighthawk/go-figure v0.0.0-20210622060536-734e95fb86be/go.mod h1:mk5IQ+Y0ZeO87b858TlA645sVcEcbiX6YqP98kt+7+w=
github.com/go-sql-driver/mysql v1.8.1 h1:LedoTUt/eveggdHS9qUFC1EFSa8bU2+1pZjSRpvNJ1Y=
github.com/go-sql-driver/mysql v1.8.1/go.mod h1:wEBSXgmK//2ZFJyE+qWnIsVGmvmEKlqwuVSjsCm7DZg=
github.com/lmittmann/tint v1.0.5 h1:NQclAutOfYsqs2F1Lenue6OoWCajs5wJcP3DfWVpePw=
github.com/lmittmann/tint v1.0.5/go.mod h1:HIS3gSy7qNwGCj+5oRjAutErFBl4BzdQP6cJZ0NfMwE=
github.com/vangdevops/library v0.0.0-20240920073649-88bb96924e73 h1:M2LfK9sfLffe5+6S4jvaSqwbIWrYUfWO3bynKeU27ZY=
github.com/vangdevops/library v0.0.0-20240920073649-88bb96924e73/go.mod h1:AAtUKS28fkQVxMGQMnCG8cICInoj6syiQAXEN2wvC54=
